// !$*UTF8*$!
{
	archiveVersion = 1;
	classes = {
	};
	objectVersion = 46;
	objects = {

/* Begin PBXBuildFile section */
		003954C514BDD32A0060E94C /* main.cpp in Sources */ = {isa = PBXBuildFile; fileRef = 003954C414BDD32A0060E94C /* main.cpp */; };
		003954C714BDD32A0060E94C /* Football.1 in CopyFiles */ = {isa = PBXBuildFile; fileRef = 003954C614BDD32A0060E94C /* Football.1 */; };
/* End PBXBuildFile section */

/* Begin PBXCopyFilesBuildPhase section */
		003954BE14BDD32A0060E94C /* CopyFiles */ = {
			isa = PBXCopyFilesBuildPhase;
			buildActionMask = 2147483647;
			dstPath = /usr/share/man/man1/;
			dstSubfolderSpec = 0;
			files = (
				003954C714BDD32A0060E94C /* Football.1 in CopyFiles */,
			);
			runOnlyForDeploymentPostprocessing = 1;
		};
/* End PBXCopyFilesBuildPhase section */

/* Begin PBXFileReference section */
		003954C014BDD32A0060E94C /* Football */ = {isa = PBXFileReference; explicitFileType = "compiled.mach-o.executable"; includeInIndex = 0; path = Football; sourceTree = BUILT_PRODUCTS_DIR; };
		003954C414BDD32A0060E94C /* main.cpp */ = {isa = PBXFileReference; lastKnownFileType = sourcecode.cpp.cpp; path = main.cpp; sourceTree = "<group>"; };
		003954C614BDD32A0060E94C /* Football.1 */ = {isa = PBXFileReference; lastKnownFileType = text.man; path = Football.1; sourceTree = "<group>"; };
/* End PBXFileReference section */

/* Begin PBXFrameworksBuildPhase section */
		003954BD14BDD32A0060E94C /* Frameworks */ = {
			isa = PBXFrameworksBuildPhase;
			buildActionMask = 2147483647;
			files = (
			);
			runOnlyForDeploymentPostprocessing = 0;
		};
/* End PBXFrameworksBuildPhase section */

/* Begin PBXGroup section */
		003954B514BDD32A0060E94C = {
			isa = PBXGroup;
			children = (
				003954C314BDD32A0060E94C /* Football */,
				003954C114BDD32A0060E94C /* Products */,
			);
			sourceTree = "<group>";
		};
		003954C114BDD32A0060E94C /* Products */ = {
			isa = PBXGroup;
			children = (
				003954C014BDD32A0060E94C /* Football */,
			);
			name = Products;
			sourceTree = "<group>";
		};
		003954C314BDD32A0060E94C /* Football */ = {
			isa = PBXGroup;
			children = (
				003954C414BDD32A0060E94C /* main.cpp */,
				003954C614BDD32A0060E94C /* Football.1 */,
			);
			path = Football;
			sourceTree = "<group>";
		};
/* End PBXGroup section */

/* Begin PBXNativeTarget section */
		003954BF14BDD32A0060E94C /* Football */ = {
			isa = PBXNativeTarget;
			buildConfigurationList = 003954CA14BDD32A0060E94C /* Build configuration list for PBXNativeTarget "Football" */;
			buildPhases = (
				003954BC14BDD32A0060E94C /* Sources */,
				003954BD14BDD32A0060E94C /* Frameworks */,
				003954BE14BDD32A0060E94C /* CopyFiles */,
			);
			buildRules = (
			);
			dependencies = (
			);
			name = Football;
			productName = Football;
			productReference = 003954C014BDD32A0060E94C /* Football */;
			productType = "com.apple.product-type.tool";
		};
/* End PBXNativeTarget section */

/* Begin PBXProject section */
		003954B714BDD32A0060E94C /* Project object */ = {
			isa = PBXProject;
			attributes = {
				LastUpgradeCheck = 0420;
			};
			buildConfigurationList = 003954BA14BDD32A0060E94C /* Build configuration list for PBXProject "Football" */;
			compatibilityVersion = "Xcode 3.2";
			developmentRegion = English;
			hasScannedForEncodings = 0;
			knownRegions = (
				en,
			);
			mainGroup = 003954B514BDD32A0060E94C;
			productRefGroup = 003954C114BDD32A0060E94C /* Products */;
			projectDirPath = "";
			projectRoot = "";
			targets = (
				003954BF14BDD32A0060E94C /* Football */,
			);
		};
/* End PBXProject section */

/* Begin PBXSourcesBuildPhase section */
		003954BC14BDD32A0060E94C /* Sources */ = {
			isa = PBXSourcesBuildPhase;
			buildActionMask = 2147483647;
			files = (
				003954C514BDD32A0060E94C /* main.cpp in Sources */,
			);
			runOnlyForDeploymentPostprocessing = 0;
		};
/* End PBXSourcesBuildPhase section */

/* Begin XCBuildConfiguration section */
		003954C814BDD32A0060E94C /* Debug */ = {
			isa = XCBuildConfiguration;
			buildSettings = {
				ALWAYS_SEARCH_USER_PATHS = NO;
				ARCHS = "$(ARCHS_STANDARD_64_BIT)";
				CLANG_ENABLE_OBJC_ARC = YES;
				COPY_PHASE_STRIP = NO;
				GCC_C_LANGUAGE_STANDARD = gnu99;
				GCC_DYNAMIC_NO_PIC = NO;
				GCC_ENABLE_OBJC_EXCEPTIONS = YES;
				GCC_OPTIMIZATION_LEVEL = 0;
				GCC_PREPROCESSOR_DEFINITIONS = (
					"DEBUG=1",
					"$(inherited)",
				);
				GCC_SYMBOLS_PRIVATE_EXTERN = NO;
				GCC_VERSION = com.apple.compilers.llvm.clang.1_0;
				GCC_WARN_64_TO_32_BIT_CONVERSION = YES;
				GCC_WARN_ABOUT_MISSING_PROTOTYPES = YES;
				GCC_WARN_ABOUT_RETURN_TYPE = YES;
				GCC_WARN_UNUSED_VARIABLE = YES;
				MACOSX_DEPLOYMENT_TARGET = 10.7;
				ONLY_ACTIVE_ARCH = YES;
				SDKROOT = macosx;
			};
			name = Debug;
		};
		003954C914BDD32A0060E94C /* Release */ = {
			isa = XCBuildConfiguration;
			buildSettings = {
				ALWAYS_SEARCH_USER_PATHS = NO;
				ARCHS = "$(ARCHS_STANDARD_64_BIT)";
				CLANG_ENABLE_OBJC_ARC = YES;
				COPY_PHASE_STRIP = YES;
				DEBUG_INFORMATION_FORMAT = "dwarf-with-dsym";
				GCC_C_LANGUAGE_STANDARD = gnu99;
				GCC_ENABLE_OBJC_EXCEPTIONS = YES;
				GCC_VERSION = com.apple.compilers.llvm.clang.1_0;
				GCC_WARN_64_TO_32_BIT_CONVERSION = YES;
				GCC_WARN_ABOUT_MISSING_PROTOTYPES = YES;
				GCC_WARN_ABOUT_RETURN_TYPE = YES;
				GCC_WARN_UNUSED_VARIABLE = YES;
				MACOSX_DEPLOYMENT_TARGET = 10.7;
				SDKROOT = macosx;
			};
			name = Release;
		};
		003954CB14BDD32A0060E94C /* Debug */ = {
			isa = XCBuildConfiguration;
			buildSettings = {
				PRODUCT_NAME = "$(TARGET_NAME)";
			};
			name = Debug;
		};
		003954CC14BDD32A0060E94C /* Release */ = {
			isa = XCBuildConfiguration;
			buildSettings = {
				PRODUCT_NAME = "$(TARGET_NAME)";
			};
			name = Release;
		};
/* End XCBuildConfiguration section */

/* Begin XCConfigurationList section */
		003954BA14BDD32A0060E94C /* Build configuration list for PBXProject "Football" */ = {
			isa = XCConfigurationList;
			buildConfigurations = (
				003954C814BDD32A0060E94C /* Debug */,
				003954C914BDD32A0060E94C /* Release */,
			);
			defaultConfigurationIsVisible = 0;
			defaultConfigurationName = Release;
		};
		003954CA14BDD32A0060E94C /* Build configuration list for PBXNativeTarget "Football" */ = {
			isa = XCConfigurationList;
			buildConfigurations = (
				003954CB14BDD32A0060E94C /* Debug */,
				003954CC14BDD32A0060E94C /* Release */,
			);
			defaultConfigurationIsVisible = 0;
		};
/* End XCConfigurationList section */
	};
	rootObject = 003954B714BDD32A0060E94C /* Project object */;
}
